
Microsoft Visual Studio Solution File, Format Version 12.00
# Visual Studio Version 17
VisualStudioVersion = 17.13.35825.156 d17.13
MinimumVisualStudioVersion = 10.0.40219.1
Project("{FAE04EC0-301F-11D3-BF4B-00C04F79EFBC}") = "Sistem Manajemen Karyawan", "Sistem Manajemen Karyawan\Sistem Manajemen Karyawan.csproj", "{B3F7FB51-808D-43FA-AC5D-EB68683357F9}"
EndProject
Global
	GlobalSection(SolutionConfigurationPlatforms) = preSolution
		Debug|Any CPU = Debug|Any CPU
		Release|Any CPU = Release|Any CPU
	EndGlobalSection
	GlobalSection(ProjectConfigurationPlatforms) = postSolution
		{B3F7FB51-808D-43FA-AC5D-EB68683357F9}.Debug|Any CPU.ActiveCfg = Debug|Any CPU
		{B3F7FB51-808D-43FA-AC5D-EB68683357F9}.Debug|Any CPU.Build.0 = Debug|Any CPU
		{B3F7FB51-808D-43FA-AC5D-EB68683357F9}.Release|Any CPU.ActiveCfg = Release|Any CPU
		{B3F7FB51-808D-43FA-AC5D-EB68683357F9}.Release|Any CPU.Build.0 = Release|Any CPU
	EndGlobalSection
	GlobalSection(SolutionProperties) = preSolution
		HideSolutionNode = FALSE
	EndGlobalSection
	GlobalSection(ExtensibilityGlobals) = postSolution
		SolutionGuid = {21E0572B-C7D2-43BD-8EF5-4F9D0875DB68}
	EndGlobalSection
EndGlobal
